
Microsoft Visual Studio Solution File, Format Version 12.00
# Visual Studio Version 17
VisualStudioVersion = 17.4.33110.190
MinimumVisualStudioVersion = 10.0.40219.1
Project("{2150E333-8FDC-42A3-9474-1A3956D46DE8}") = "Application", "Application", "{6EDEB60B-5844-4753-95B5-0B77302417A1}"
EndProject
Project("{2150E333-8FDC-42A3-9474-1A3956D46DE8}") = "Domain", "Domain", "{E9040BDD-00C0-4C63-841A-78D053ACCAFA}"
EndProject
Project("{9A19103F-16F7-4668-BE54-9A1E7A4F7556}") = "EduTrack.Domain", "EduTrack.Domain\EduTrack.Domain.csproj", "{4A8DEC0B-8193-4C9E-8A9D-A6A0B241B68B}"
EndProject
Project("{2150E333-8FDC-42A3-9474-1A3956D46DE8}") = "Presentation", "Presentation", "{B1385B36-FC9C-4255-B5E5-5FD129DDF504}"
EndProject
Project("{2150E333-8FDC-42A3-9474-1A3956D46DE8}") = "Infrastructure", "Infrastructure", "{5808A423-EC73-428F-9014-5790A6E6E2A6}"
EndProject
Project("{9A19103F-16F7-4668-BE54-9A1E7A4F7556}") = "EduTrack.WebUI.Server", "EduTrack.WebUI\Server\EduTrack.WebUI.Server.csproj", "{66E2790C-483B-45A4-AB24-7959D093A978}"
EndProject
Project("{9A19103F-16F7-4668-BE54-9A1E7A4F7556}") = "EduTrack.WebUI.Client", "EduTrack.WebUI\Client\EduTrack.WebUI.Client.csproj", "{8BC0BEB8-339A-42D9-AA49-5699110BA43D}"
EndProject
Project("{9A19103F-16F7-4668-BE54-9A1E7A4F7556}") = "EduTrack.WebUI.Shared.Dtos", "EduTrack.WebUI\Shared\EduTrack.WebUI.Shared.Dtos.csproj", "{E03A9300-B5AE-494F-B444-7E07B6D89FA9}"
EndProject
Project("{9A19103F-16F7-4668-BE54-9A1E7A4F7556}") = "EduTrack.Application", "EduTrack.Application\EduTrack.Application.csproj", "{011CC80B-8C93-4FFE-A05A-2524BB2C145E}"
EndProject
Project("{9A19103F-16F7-4668-BE54-9A1E7A4F7556}") = "EduTrack.Infrastracture", "EduTrack.Infrastracture\EduTrack.Infrastracture.csproj", "{4BB4D492-2D74-420E-9A37-79EF89B8013A}"
EndProject
Project("{9A19103F-16F7-4668-BE54-9A1E7A4F7556}") = "EduTrack.Localization", "EduTrack.Localization\EduTrack.Localization.csproj", "{0822C9AB-B577-4805-8DCD-A01E757B9D54}"
EndProject
Project("{9A19103F-16F7-4668-BE54-9A1E7A4F7556}") = "EduTrack.WebUI.Client.HttpServices", "EduTrack.Client.HttpServices\EduTrack.WebUI.Client.HttpServices.csproj", "{5438B7D1-DEF3-465E-80F9-9AF682FE5ECE}"
EndProject
Project("{2150E333-8FDC-42A3-9474-1A3956D46DE8}") = "Solution Items", "Solution Items", "{19214FEE-8926-4AB4-AB47-ED83A1585BBB}"
	ProjectSection(SolutionItems) = preProject
		Plan.txt = Plan.txt
	EndProjectSection
EndProject
Project("{2150E333-8FDC-42A3-9474-1A3956D46DE8}") = "Docker", "Docker", "{0FC00F7E-E2E9-4154-9CA1-A24E38CDCB93}"
EndProject
Project("{9A19103F-16F7-4668-BE54-9A1E7A4F7556}") = "EduTrack.DockerDemo", "EduTrack.DockerDemo\EduTrack.DockerDemo.csproj", "{4B33BD91-FF0B-41A5-8E76-D0AA9A943A17}"
EndProject
Project("{9A19103F-16F7-4668-BE54-9A1E7A4F7556}") = "EduTrack.WebUI.Shared.ApiHelpers", "EduTrack.WebUI.Shared.ApiHelpers\EduTrack.WebUI.Shared.ApiHelpers.csproj", "{FDA1EA1E-5AA9-4C94-9E10-4D23A9A0B4B1}"
EndProject
Project("{2150E333-8FDC-42A3-9474-1A3956D46DE8}") = "Helpers", "Helpers", "{18F6E097-8BEB-40FA-A7D7-92EE04780D66}"
EndProject
Project("{FAE04EC0-301F-11D3-BF4B-00C04F79EFBC}") = "EduTrack.Helpers", "EduTrack.Helpers\EduTrack.Helpers.csproj", "{36D542AE-0E76-4344-B41A-C12B0EA0B2BB}"
EndProject
Global
	GlobalSection(SolutionConfigurationPlatforms) = preSolution
		Debug|Any CPU = Debug|Any CPU
		Release|Any CPU = Release|Any CPU
	EndGlobalSection
	GlobalSection(ProjectConfigurationPlatforms) = postSolution
		{4A8DEC0B-8193-4C9E-8A9D-A6A0B241B68B}.Debug|Any CPU.ActiveCfg = Debug|Any CPU
		{4A8DEC0B-8193-4C9E-8A9D-A6A0B241B68B}.Debug|Any CPU.Build.0 = Debug|Any CPU
		{4A8DEC0B-8193-4C9E-8A9D-A6A0B241B68B}.Release|Any CPU.ActiveCfg = Release|Any CPU
		{4A8DEC0B-8193-4C9E-8A9D-A6A0B241B68B}.Release|Any CPU.Build.0 = Release|Any CPU
		{66E2790C-483B-45A4-AB24-7959D093A978}.Debug|Any CPU.ActiveCfg = Debug|Any CPU
		{66E2790C-483B-45A4-AB24-7959D093A978}.Debug|Any CPU.Build.0 = Debug|Any CPU
		{66E2790C-483B-45A4-AB24-7959D093A978}.Release|Any CPU.ActiveCfg = Release|Any CPU
		{66E2790C-483B-45A4-AB24-7959D093A978}.Release|Any CPU.Build.0 = Release|Any CPU
		{8BC0BEB8-339A-42D9-AA49-5699110BA43D}.Debug|Any CPU.ActiveCfg = Debug|Any CPU
		{8BC0BEB8-339A-42D9-AA49-5699110BA43D}.Debug|Any CPU.Build.0 = Debug|Any CPU
		{8BC0BEB8-339A-42D9-AA49-5699110BA43D}.Release|Any CPU.ActiveCfg = Release|Any CPU
		{8BC0BEB8-339A-42D9-AA49-5699110BA43D}.Release|Any CPU.Build.0 = Release|Any CPU
		{E03A9300-B5AE-494F-B444-7E07B6D89FA9}.Debug|Any CPU.ActiveCfg = Debug|Any CPU
		{E03A9300-B5AE-494F-B444-7E07B6D89FA9}.Debug|Any CPU.Build.0 = Debug|Any CPU
		{E03A9300-B5AE-494F-B444-7E07B6D89FA9}.Release|Any CPU.ActiveCfg = Release|Any CPU
		{E03A9300-B5AE-494F-B444-7E07B6D89FA9}.Release|Any CPU.Build.0 = Release|Any CPU
		{011CC80B-8C93-4FFE-A05A-2524BB2C145E}.Debug|Any CPU.ActiveCfg = Debug|Any CPU
		{011CC80B-8C93-4FFE-A05A-2524BB2C145E}.Debug|Any CPU.Build.0 = Debug|Any CPU
		{011CC80B-8C93-4FFE-A05A-2524BB2C145E}.Release|Any CPU.ActiveCfg = Release|Any CPU
		{011CC80B-8C93-4FFE-A05A-2524BB2C145E}.Release|Any CPU.Build.0 = Release|Any CPU
		{4BB4D492-2D74-420E-9A37-79EF89B8013A}.Debug|Any CPU.ActiveCfg = Debug|Any CPU
		{4BB4D492-2D74-420E-9A37-79EF89B8013A}.Debug|Any CPU.Build.0 = Debug|Any CPU
		{4BB4D492-2D74-420E-9A37-79EF89B8013A}.Release|Any CPU.ActiveCfg = Release|Any CPU
		{4BB4D492-2D74-420E-9A37-79EF89B8013A}.Release|Any CPU.Build.0 = Release|Any CPU
		{0822C9AB-B577-4805-8DCD-A01E757B9D54}.Debug|Any CPU.ActiveCfg = Debug|Any CPU
		{0822C9AB-B577-4805-8DCD-A01E757B9D54}.Debug|Any CPU.Build.0 = Debug|Any CPU
		{0822C9AB-B577-4805-8DCD-A01E757B9D54}.Release|Any CPU.ActiveCfg = Release|Any CPU
		{0822C9AB-B577-4805-8DCD-A01E757B9D54}.Release|Any CPU.Build.0 = Release|Any CPU
		{5438B7D1-DEF3-465E-80F9-9AF682FE5ECE}.Debug|Any CPU.ActiveCfg = Debug|Any CPU
		{5438B7D1-DEF3-465E-80F9-9AF682FE5ECE}.Debug|Any CPU.Build.0 = Debug|Any CPU
		{5438B7D1-DEF3-465E-80F9-9AF682FE5ECE}.Release|Any CPU.ActiveCfg = Release|Any CPU
		{5438B7D1-DEF3-465E-80F9-9AF682FE5ECE}.Release|Any CPU.Build.0 = Release|Any CPU
		{4B33BD91-FF0B-41A5-8E76-D0AA9A943A17}.Debug|Any CPU.ActiveCfg = Debug|Any CPU
		{4B33BD91-FF0B-41A5-8E76-D0AA9A943A17}.Debug|Any CPU.Build.0 = Debug|Any CPU
		{4B33BD91-FF0B-41A5-8E76-D0AA9A943A17}.Release|Any CPU.ActiveCfg = Release|Any CPU
		{4B33BD91-FF0B-41A5-8E76-D0AA9A943A17}.Release|Any CPU.Build.0 = Release|Any CPU
		{FDA1EA1E-5AA9-4C94-9E10-4D23A9A0B4B1}.Debug|Any CPU.ActiveCfg = Debug|Any CPU
		{FDA1EA1E-5AA9-4C94-9E10-4D23A9A0B4B1}.Debug|Any CPU.Build.0 = Debug|Any CPU
		{FDA1EA1E-5AA9-4C94-9E10-4D23A9A0B4B1}.Release|Any CPU.ActiveCfg = Release|Any CPU
		{FDA1EA1E-5AA9-4C94-9E10-4D23A9A0B4B1}.Release|Any CPU.Build.0 = Release|Any CPU
		{36D542AE-0E76-4344-B41A-C12B0EA0B2BB}.Debug|Any CPU.ActiveCfg = Debug|Any CPU
		{36D542AE-0E76-4344-B41A-C12B0EA0B2BB}.Debug|Any CPU.Build.0 = Debug|Any CPU
		{36D542AE-0E76-4344-B41A-C12B0EA0B2BB}.Release|Any CPU.ActiveCfg = Release|Any CPU
		{36D542AE-0E76-4344-B41A-C12B0EA0B2BB}.Release|Any CPU.Build.0 = Release|Any CPU
	EndGlobalSection
	GlobalSection(SolutionProperties) = preSolution
		HideSolutionNode = FALSE
	EndGlobalSection
	GlobalSection(NestedProjects) = preSolution
		{4A8DEC0B-8193-4C9E-8A9D-A6A0B241B68B} = {E9040BDD-00C0-4C63-841A-78D053ACCAFA}
		{66E2790C-483B-45A4-AB24-7959D093A978} = {B1385B36-FC9C-4255-B5E5-5FD129DDF504}
		{8BC0BEB8-339A-42D9-AA49-5699110BA43D} = {B1385B36-FC9C-4255-B5E5-5FD129DDF504}
		{E03A9300-B5AE-494F-B444-7E07B6D89FA9} = {B1385B36-FC9C-4255-B5E5-5FD129DDF504}
		{011CC80B-8C93-4FFE-A05A-2524BB2C145E} = {6EDEB60B-5844-4753-95B5-0B77302417A1}
		{4BB4D492-2D74-420E-9A37-79EF89B8013A} = {5808A423-EC73-428F-9014-5790A6E6E2A6}
		{0822C9AB-B577-4805-8DCD-A01E757B9D54} = {E9040BDD-00C0-4C63-841A-78D053ACCAFA}
		{5438B7D1-DEF3-465E-80F9-9AF682FE5ECE} = {B1385B36-FC9C-4255-B5E5-5FD129DDF504}
		{4B33BD91-FF0B-41A5-8E76-D0AA9A943A17} = {0FC00F7E-E2E9-4154-9CA1-A24E38CDCB93}
		{FDA1EA1E-5AA9-4C94-9E10-4D23A9A0B4B1} = {B1385B36-FC9C-4255-B5E5-5FD129DDF504}
		{36D542AE-0E76-4344-B41A-C12B0EA0B2BB} = {18F6E097-8BEB-40FA-A7D7-92EE04780D66}
	EndGlobalSection
	GlobalSection(ExtensibilityGlobals) = postSolution
		SolutionGuid = {ED10F25C-3E15-4CE2-8F37-67F9CFE48336}
	EndGlobalSection
EndGlobal
